
Microsoft Visual Studio Solution File, Format Version 12.00
# Visual Studio 15
VisualStudioVersion = 15.0.28307.1022
MinimumVisualStudioVersion = 10.0.40219.1
Project("{FAE04EC0-301F-11D3-BF4B-00C04F79EFBC}") = "ConsoleApp01", "ConsoleApp01\ConsoleApp01.csproj", "{C348426D-30A8-4ED5-879B-61B4B5647C3E}"
EndProject
Global
	GlobalSection(SolutionConfigurationPlatforms) = preSolution
		Debug|Any CPU = Debug|Any CPU
		Release|Any CPU = Release|Any CPU
	EndGlobalSection
	GlobalSection(ProjectConfigurationPlatforms) = postSolution
		{C348426D-30A8-4ED5-879B-61B4B5647C3E}.Debug|Any CPU.ActiveCfg = Debug|Any CPU
		{C348426D-30A8-4ED5-879B-61B4B5647C3E}.Debug|Any CPU.Build.0 = Debug|Any CPU
		{C348426D-30A8-4ED5-879B-61B4B5647C3E}.Release|Any CPU.ActiveCfg = Release|Any CPU
		{C348426D-30A8-4ED5-879B-61B4B5647C3E}.Release|Any CPU.Build.0 = Release|Any CPU
	EndGlobalSection
	GlobalSection(SolutionProperties) = preSolution
		HideSolutionNode = FALSE
	EndGlobalSection
	GlobalSection(ExtensibilityGlobals) = postSolution
		SolutionGuid = {1FC6E2FB-FA20-45B9-88DB-56DFEC0FB060}
	EndGlobalSection
EndGlobal
